
Microsoft Visual Studio Solution File, Format Version 12.00
# Visual Studio 15
VisualStudioVersion = 15.0.27130.2010
MinimumVisualStudioVersion = 10.0.40219.1
Project("{FAE04EC0-301F-11D3-BF4B-00C04F79EFBC}") = "GraphElementGenerationSYS", "GraphElementGenerationSYS\GraphElementGenerationSYS.csproj", "{A05994E2-A82B-483F-8972-752C16AF0ACB}"
EndProject
Project("{54435603-DBB4-11D2-8724-00A0C9A8B90C}") = "GraphElementGenerationSystem", "GraphElementGenerationSystem\GraphElementGenerationSystem.vdproj", "{3D6948D8-7373-42DA-87BF-8A07A67C8B52}"
EndProject
Global
	GlobalSection(SolutionConfigurationPlatforms) = preSolution
		Debug|Any CPU = Debug|Any CPU
		Release|Any CPU = Release|Any CPU
	EndGlobalSection
	GlobalSection(ProjectConfigurationPlatforms) = postSolution
		{A05994E2-A82B-483F-8972-752C16AF0ACB}.Debug|Any CPU.ActiveCfg = Debug|Any CPU
		{A05994E2-A82B-483F-8972-752C16AF0ACB}.Debug|Any CPU.Build.0 = Debug|Any CPU
		{A05994E2-A82B-483F-8972-752C16AF0ACB}.Release|Any CPU.ActiveCfg = Release|Any CPU
		{A05994E2-A82B-483F-8972-752C16AF0ACB}.Release|Any CPU.Build.0 = Release|Any CPU
		{3D6948D8-7373-42DA-87BF-8A07A67C8B52}.Debug|Any CPU.ActiveCfg = Debug
		{3D6948D8-7373-42DA-87BF-8A07A67C8B52}.Release|Any CPU.ActiveCfg = Release
	EndGlobalSection
	GlobalSection(SolutionProperties) = preSolution
		HideSolutionNode = FALSE
	EndGlobalSection
	GlobalSection(ExtensibilityGlobals) = postSolution
		SolutionGuid = {CA53D6DB-D4D8-4A36-B454-67E84940B377}
	EndGlobalSection
EndGlobal
